{
  "name": "myapp",
  "version": "1.0.0",
  "lockfileVersion": 1,
  "requires": true,
  "dependencies": {
    "intern-batch-greet": {
      "version": "2.0.0",
      "resolved": "https://registry.npmjs.org/intern-batch-greet/-/intern-batch-greet-2.0.0.tgz",
      "integrity": "sha512-rfnF2DQaiornICWUETodn3ET7ZU3f/p2gXvWgbkrjGBItBVwpgNno7TbVqZSAaaT9Pjp5qyrszXVnC7JGu8DCw=="
    },
    "lodash": {
      "version": "4.17.15",
      "resolved": "https://registry.npmjs.org/lodash/-/lodash-4.17.15.tgz",
      "integrity": "sha512-8xOcRHvCjnocdS5cpwXQXVzmmh5e5+saE2QGoeQmbKmRS6J3VQppPOIt0MnmE+4xlZoumy0GPG0D0MVIQbNA1A=="
    }
  }
}
